
Microsoft Visual Studio Solution File, Format Version 12.00
# Visual Studio Version 17
VisualStudioVersion = 17.4.33110.190
MinimumVisualStudioVersion = 10.0.40219.1
Project("{FAE04EC0-301F-11D3-BF4B-00C04F79EFBC}") = "WcfService", "WcfService\WcfService.csproj", "{2BD3921E-A1FA-4472-AAE5-F459689FF109}"
EndProject
Project("{2150E333-8FDC-42A3-9474-1A3956D46DE8}") = "Estrutura", "Estrutura", "{8ABEF1F9-CC68-44B8-B1D7-214EEBB1D935}"
EndProject
Project("{2150E333-8FDC-42A3-9474-1A3956D46DE8}") = "Data", "Data", "{B40C5F23-E3DE-44B4-92D7-D19E08CFC847}"
EndProject
Project("{2150E333-8FDC-42A3-9474-1A3956D46DE8}") = "UI", "UI", "{0EED3F84-2351-4449-B5B8-FE9907809F25}"
EndProject
Project("{FAE04EC0-301F-11D3-BF4B-00C04F79EFBC}") = "WebForm", "WebForm\WebForm.csproj", "{22348B68-E668-4CF2-94B4-04ABB80CD38D}"
	ProjectSection(ProjectDependencies) = postProject
		{257B7D59-DF81-4FAF-8511-3A61080CF05D} = {257B7D59-DF81-4FAF-8511-3A61080CF05D}
		{2BD3921E-A1FA-4472-AAE5-F459689FF109} = {2BD3921E-A1FA-4472-AAE5-F459689FF109}
		{51C356B8-4975-465C-AF9E-0E4225E1A708} = {51C356B8-4975-465C-AF9E-0E4225E1A708}
		{BD6AC983-E5EF-481C-B32A-4BB4094CF96D} = {BD6AC983-E5EF-481C-B32A-4BB4094CF96D}
		{E992D475-B765-498D-9C22-689A3D6E2423} = {E992D475-B765-498D-9C22-689A3D6E2423}
	EndProjectSection
EndProject
Project("{FAE04EC0-301F-11D3-BF4B-00C04F79EFBC}") = "GTIBusiness", "GTIBusiness\GTIBusiness.csproj", "{E992D475-B765-498D-9C22-689A3D6E2423}"
EndProject
Project("{FAE04EC0-301F-11D3-BF4B-00C04F79EFBC}") = "GTIData", "GTIData\GTIData.csproj", "{51C356B8-4975-465C-AF9E-0E4225E1A708}"
EndProject
Project("{FAE04EC0-301F-11D3-BF4B-00C04F79EFBC}") = "GTIEntity", "GTIEntity\GTIEntity.csproj", "{257B7D59-DF81-4FAF-8511-3A61080CF05D}"
EndProject
Project("{FAE04EC0-301F-11D3-BF4B-00C04F79EFBC}") = "API", "API\API.csproj", "{BD6AC983-E5EF-481C-B32A-4BB4094CF96D}"
EndProject
Project("{FAE04EC0-301F-11D3-BF4B-00C04F79EFBC}") = "MVCWEB", "MVCWEB\MVCWEB.csproj", "{5BB8E76E-CC5F-49A6-85F6-207C67E601C3}"
EndProject
Project("{2150E333-8FDC-42A3-9474-1A3956D46DE8}") = "Services", "Services", "{77662A44-B745-48C8-BB98-BB761E942EFD}"
EndProject
Global
	GlobalSection(SolutionConfigurationPlatforms) = preSolution
		Debug|Any CPU = Debug|Any CPU
		Release|Any CPU = Release|Any CPU
	EndGlobalSection
	GlobalSection(ProjectConfigurationPlatforms) = postSolution
		{2BD3921E-A1FA-4472-AAE5-F459689FF109}.Debug|Any CPU.ActiveCfg = Debug|Any CPU
		{2BD3921E-A1FA-4472-AAE5-F459689FF109}.Debug|Any CPU.Build.0 = Debug|Any CPU
		{2BD3921E-A1FA-4472-AAE5-F459689FF109}.Release|Any CPU.ActiveCfg = Release|Any CPU
		{2BD3921E-A1FA-4472-AAE5-F459689FF109}.Release|Any CPU.Build.0 = Release|Any CPU
		{22348B68-E668-4CF2-94B4-04ABB80CD38D}.Debug|Any CPU.ActiveCfg = Debug|Any CPU
		{22348B68-E668-4CF2-94B4-04ABB80CD38D}.Debug|Any CPU.Build.0 = Debug|Any CPU
		{22348B68-E668-4CF2-94B4-04ABB80CD38D}.Release|Any CPU.ActiveCfg = Release|Any CPU
		{22348B68-E668-4CF2-94B4-04ABB80CD38D}.Release|Any CPU.Build.0 = Release|Any CPU
		{E992D475-B765-498D-9C22-689A3D6E2423}.Debug|Any CPU.ActiveCfg = Debug|Any CPU
		{E992D475-B765-498D-9C22-689A3D6E2423}.Debug|Any CPU.Build.0 = Debug|Any CPU
		{E992D475-B765-498D-9C22-689A3D6E2423}.Release|Any CPU.ActiveCfg = Release|Any CPU
		{E992D475-B765-498D-9C22-689A3D6E2423}.Release|Any CPU.Build.0 = Release|Any CPU
		{51C356B8-4975-465C-AF9E-0E4225E1A708}.Debug|Any CPU.ActiveCfg = Debug|Any CPU
		{51C356B8-4975-465C-AF9E-0E4225E1A708}.Debug|Any CPU.Build.0 = Debug|Any CPU
		{51C356B8-4975-465C-AF9E-0E4225E1A708}.Release|Any CPU.ActiveCfg = Release|Any CPU
		{51C356B8-4975-465C-AF9E-0E4225E1A708}.Release|Any CPU.Build.0 = Release|Any CPU
		{257B7D59-DF81-4FAF-8511-3A61080CF05D}.Debug|Any CPU.ActiveCfg = Debug|Any CPU
		{257B7D59-DF81-4FAF-8511-3A61080CF05D}.Debug|Any CPU.Build.0 = Debug|Any CPU
		{257B7D59-DF81-4FAF-8511-3A61080CF05D}.Release|Any CPU.ActiveCfg = Release|Any CPU
		{257B7D59-DF81-4FAF-8511-3A61080CF05D}.Release|Any CPU.Build.0 = Release|Any CPU
		{BD6AC983-E5EF-481C-B32A-4BB4094CF96D}.Debug|Any CPU.ActiveCfg = Debug|Any CPU
		{BD6AC983-E5EF-481C-B32A-4BB4094CF96D}.Debug|Any CPU.Build.0 = Debug|Any CPU
		{BD6AC983-E5EF-481C-B32A-4BB4094CF96D}.Release|Any CPU.ActiveCfg = Release|Any CPU
		{BD6AC983-E5EF-481C-B32A-4BB4094CF96D}.Release|Any CPU.Build.0 = Release|Any CPU
		{5BB8E76E-CC5F-49A6-85F6-207C67E601C3}.Debug|Any CPU.ActiveCfg = Debug|Any CPU
		{5BB8E76E-CC5F-49A6-85F6-207C67E601C3}.Debug|Any CPU.Build.0 = Debug|Any CPU
		{5BB8E76E-CC5F-49A6-85F6-207C67E601C3}.Release|Any CPU.ActiveCfg = Release|Any CPU
		{5BB8E76E-CC5F-49A6-85F6-207C67E601C3}.Release|Any CPU.Build.0 = Release|Any CPU
	EndGlobalSection
	GlobalSection(SolutionProperties) = preSolution
		HideSolutionNode = FALSE
	EndGlobalSection
	GlobalSection(NestedProjects) = preSolution
		{2BD3921E-A1FA-4472-AAE5-F459689FF109} = {77662A44-B745-48C8-BB98-BB761E942EFD}
		{B40C5F23-E3DE-44B4-92D7-D19E08CFC847} = {8ABEF1F9-CC68-44B8-B1D7-214EEBB1D935}
		{0EED3F84-2351-4449-B5B8-FE9907809F25} = {8ABEF1F9-CC68-44B8-B1D7-214EEBB1D935}
		{22348B68-E668-4CF2-94B4-04ABB80CD38D} = {0EED3F84-2351-4449-B5B8-FE9907809F25}
		{E992D475-B765-498D-9C22-689A3D6E2423} = {B40C5F23-E3DE-44B4-92D7-D19E08CFC847}
		{51C356B8-4975-465C-AF9E-0E4225E1A708} = {B40C5F23-E3DE-44B4-92D7-D19E08CFC847}
		{257B7D59-DF81-4FAF-8511-3A61080CF05D} = {B40C5F23-E3DE-44B4-92D7-D19E08CFC847}
		{BD6AC983-E5EF-481C-B32A-4BB4094CF96D} = {77662A44-B745-48C8-BB98-BB761E942EFD}
		{5BB8E76E-CC5F-49A6-85F6-207C67E601C3} = {0EED3F84-2351-4449-B5B8-FE9907809F25}
		{77662A44-B745-48C8-BB98-BB761E942EFD} = {8ABEF1F9-CC68-44B8-B1D7-214EEBB1D935}
	EndGlobalSection
	GlobalSection(ExtensibilityGlobals) = postSolution
		SolutionGuid = {68764126-B1EC-4F2F-8E40-9BE25C18AD12}
	EndGlobalSection
EndGlobal
